
Microsoft Visual Studio Solution File, Format Version 12.00
# Visual Studio Version 16
VisualStudioVersion = 16.0.30204.135
MinimumVisualStudioVersion = 10.0.40219.1
Project("{D954291E-2A0B-460D-934E-DC6B0785DB48}") = "HyperMock", "HyperMock\HyperMock.shproj", "{11B044B6-4AC4-4DCA-9A5F-26F4B6B5BF3A}"
EndProject
Project("{D954291E-2A0B-460D-934E-DC6B0785DB48}") = "Tests.HyperMock", "Tests.HyperMock\Tests.HyperMock.shproj", "{C10D065A-C9D8-4F04-A98E-54BE5CFCD391}"
EndProject
Project("{FAE04EC0-301F-11D3-BF4B-00C04F79EFBC}") = "HyperMock.Windows", "HyperMock.Windows\HyperMock.Windows.csproj", "{4EE5B4E5-CC60-4856-B7D2-9F15009A6704}"
EndProject
Project("{FAE04EC0-301F-11D3-BF4B-00C04F79EFBC}") = "HyperMock.Universal", "HyperMock.Universal\HyperMock.Universal.csproj", "{C873E0D7-4755-420E-BDBE-01D098BD759E}"
EndProject
Project("{FAE04EC0-301F-11D3-BF4B-00C04F79EFBC}") = "Tests.HyperMock.Universal", "Tests.HyperMock.Universal\Tests.HyperMock.Universal.csproj", "{9B05B1EB-CE82-4DBD-8037-7836B1124457}"
EndProject
Project("{FAE04EC0-301F-11D3-BF4B-00C04F79EFBC}") = "Tests.HyperMock.Windows", "Tests.HyperMock.Windows\Tests.HyperMock.Windows.csproj", "{04C1F6DB-9A03-48A4-9BD7-FB0F6B010AE8}"
EndProject
Project("{2150E333-8FDC-42A3-9474-1A3956D46DE8}") = "Examples", "Examples", "{46D43EE4-64B6-4834-9CFC-5634645A0DC9}"
EndProject
Project("{FAE04EC0-301F-11D3-BF4B-00C04F79EFBC}") = "HyperMock.Windows.Examples", "HyperMock.Windows.Examples\HyperMock.Windows.Examples.csproj", "{ABFA164C-438A-4726-9194-76E28FF1E01A}"
EndProject
Project("{2150E333-8FDC-42A3-9474-1A3956D46DE8}") = "Tests", "Tests", "{EFE35F8B-541D-4C61-A3BF-F7702C105463}"
EndProject
Project("{FAE04EC0-301F-11D3-BF4B-00C04F79EFBC}") = "HyperMock.Universal.Examples", "HyperMock.Universal.Examples\HyperMock.Universal.Examples.csproj", "{A075590A-AC50-46F2-BFC9-A149D2566EFE}"
EndProject
Global
	GlobalSection(SharedMSBuildProjectFiles) = preSolution
		Tests.HyperMock\Tests.HyperMock.projitems*{04c1f6db-9a03-48a4-9bd7-fb0f6b010ae8}*SharedItemsImports = 4
		HyperMock\HyperMock.projitems*{11b044b6-4ac4-4dca-9a5f-26f4b6b5bf3a}*SharedItemsImports = 13
		HyperMock\HyperMock.projitems*{4ee5b4e5-cc60-4856-b7d2-9f15009a6704}*SharedItemsImports = 4
		Tests.HyperMock\Tests.HyperMock.projitems*{9b05b1eb-ce82-4dbd-8037-7836b1124457}*SharedItemsImports = 4
		Tests.HyperMock\Tests.HyperMock.projitems*{c10d065a-c9d8-4f04-a98e-54be5cfcd391}*SharedItemsImports = 13
		HyperMock\HyperMock.projitems*{c873e0d7-4755-420e-bdbe-01d098bd759e}*SharedItemsImports = 4
	EndGlobalSection
	GlobalSection(SolutionConfigurationPlatforms) = preSolution
		Debug|Any CPU = Debug|Any CPU
		Debug|ARM = Debug|ARM
		Debug|ARM64 = Debug|ARM64
		Debug|x64 = Debug|x64
		Debug|x86 = Debug|x86
		Release|Any CPU = Release|Any CPU
		Release|ARM = Release|ARM
		Release|ARM64 = Release|ARM64
		Release|x64 = Release|x64
		Release|x86 = Release|x86
	EndGlobalSection
	GlobalSection(ProjectConfigurationPlatforms) = postSolution
		{4EE5B4E5-CC60-4856-B7D2-9F15009A6704}.Debug|Any CPU.ActiveCfg = Debug|Any CPU
		{4EE5B4E5-CC60-4856-B7D2-9F15009A6704}.Debug|Any CPU.Build.0 = Debug|Any CPU
		{4EE5B4E5-CC60-4856-B7D2-9F15009A6704}.Debug|ARM.ActiveCfg = Debug|Any CPU
		{4EE5B4E5-CC60-4856-B7D2-9F15009A6704}.Debug|ARM.Build.0 = Debug|Any CPU
		{4EE5B4E5-CC60-4856-B7D2-9F15009A6704}.Debug|ARM64.ActiveCfg = Debug|Any CPU
		{4EE5B4E5-CC60-4856-B7D2-9F15009A6704}.Debug|ARM64.Build.0 = Debug|Any CPU
		{4EE5B4E5-CC60-4856-B7D2-9F15009A6704}.Debug|x64.ActiveCfg = Debug|Any CPU
		{4EE5B4E5-CC60-4856-B7D2-9F15009A6704}.Debug|x64.Build.0 = Debug|Any CPU
		{4EE5B4E5-CC60-4856-B7D2-9F15009A6704}.Debug|x86.ActiveCfg = Debug|Any CPU
		{4EE5B4E5-CC60-4856-B7D2-9F15009A6704}.Debug|x86.Build.0 = Debug|Any CPU
		{4EE5B4E5-CC60-4856-B7D2-9F15009A6704}.Release|Any CPU.ActiveCfg = Release|Any CPU
		{4EE5B4E5-CC60-4856-B7D2-9F15009A6704}.Release|Any CPU.Build.0 = Release|Any CPU
		{4EE5B4E5-CC60-4856-B7D2-9F15009A6704}.Release|ARM.ActiveCfg = Release|Any CPU
		{4EE5B4E5-CC60-4856-B7D2-9F15009A6704}.Release|ARM.Build.0 = Release|Any CPU
		{4EE5B4E5-CC60-4856-B7D2-9F15009A6704}.Release|ARM64.ActiveCfg = Release|Any CPU
		{4EE5B4E5-CC60-4856-B7D2-9F15009A6704}.Release|ARM64.Build.0 = Release|Any CPU
		{4EE5B4E5-CC60-4856-B7D2-9F15009A6704}.Release|x64.ActiveCfg = Release|Any CPU
		{4EE5B4E5-CC60-4856-B7D2-9F15009A6704}.Release|x64.Build.0 = Release|Any CPU
		{4EE5B4E5-CC60-4856-B7D2-9F15009A6704}.Release|x86.ActiveCfg = Release|Any CPU
		{4EE5B4E5-CC60-4856-B7D2-9F15009A6704}.Release|x86.Build.0 = Release|Any CPU
		{C873E0D7-4755-420E-BDBE-01D098BD759E}.Debug|Any CPU.ActiveCfg = Debug|Any CPU
		{C873E0D7-4755-420E-BDBE-01D098BD759E}.Debug|Any CPU.Build.0 = Debug|Any CPU
		{C873E0D7-4755-420E-BDBE-01D098BD759E}.Debug|ARM.ActiveCfg = Debug|ARM
		{C873E0D7-4755-420E-BDBE-01D098BD759E}.Debug|ARM.Build.0 = Debug|ARM
		{C873E0D7-4755-420E-BDBE-01D098BD759E}.Debug|ARM64.ActiveCfg = Debug|Any CPU
		{C873E0D7-4755-420E-BDBE-01D098BD759E}.Debug|ARM64.Build.0 = Debug|Any CPU
		{C873E0D7-4755-420E-BDBE-01D098BD759E}.Debug|x64.ActiveCfg = Debug|x64
		{C873E0D7-4755-420E-BDBE-01D098BD759E}.Debug|x64.Build.0 = Debug|x64
		{C873E0D7-4755-420E-BDBE-01D098BD759E}.Debug|x86.ActiveCfg = Debug|x86
		{C873E0D7-4755-420E-BDBE-01D098BD759E}.Debug|x86.Build.0 = Debug|x86
		{C873E0D7-4755-420E-BDBE-01D098BD759E}.Release|Any CPU.ActiveCfg = Release|Any CPU
		{C873E0D7-4755-420E-BDBE-01D098BD759E}.Release|Any CPU.Build.0 = Release|Any CPU
		{C873E0D7-4755-420E-BDBE-01D098BD759E}.Release|ARM.ActiveCfg = Release|ARM
		{C873E0D7-4755-420E-BDBE-01D098BD759E}.Release|ARM.Build.0 = Release|ARM
		{C873E0D7-4755-420E-BDBE-01D098BD759E}.Release|ARM64.ActiveCfg = Release|Any CPU
		{C873E0D7-4755-420E-BDBE-01D098BD759E}.Release|ARM64.Build.0 = Release|Any CPU
		{C873E0D7-4755-420E-BDBE-01D098BD759E}.Release|x64.ActiveCfg = Release|x64
		{C873E0D7-4755-420E-BDBE-01D098BD759E}.Release|x64.Build.0 = Release|x64
		{C873E0D7-4755-420E-BDBE-01D098BD759E}.Release|x86.ActiveCfg = Release|x86
		{C873E0D7-4755-420E-BDBE-01D098BD759E}.Release|x86.Build.0 = Release|x86
		{9B05B1EB-CE82-4DBD-8037-7836B1124457}.Debug|Any CPU.ActiveCfg = Debug|x86
		{9B05B1EB-CE82-4DBD-8037-7836B1124457}.Debug|ARM.ActiveCfg = Debug|ARM
		{9B05B1EB-CE82-4DBD-8037-7836B1124457}.Debug|ARM.Build.0 = Debug|ARM
		{9B05B1EB-CE82-4DBD-8037-7836B1124457}.Debug|ARM.Deploy.0 = Debug|ARM
		{9B05B1EB-CE82-4DBD-8037-7836B1124457}.Debug|ARM64.ActiveCfg = Debug|x86
		{9B05B1EB-CE82-4DBD-8037-7836B1124457}.Debug|x64.ActiveCfg = Debug|x64
		{9B05B1EB-CE82-4DBD-8037-7836B1124457}.Debug|x64.Build.0 = Debug|x64
		{9B05B1EB-CE82-4DBD-8037-7836B1124457}.Debug|x64.Deploy.0 = Debug|x64
		{9B05B1EB-CE82-4DBD-8037-7836B1124457}.Debug|x86.ActiveCfg = Debug|x86
		{9B05B1EB-CE82-4DBD-8037-7836B1124457}.Debug|x86.Build.0 = Debug|x86
		{9B05B1EB-CE82-4DBD-8037-7836B1124457}.Debug|x86.Deploy.0 = Debug|x86
		{9B05B1EB-CE82-4DBD-8037-7836B1124457}.Release|Any CPU.ActiveCfg = Release|x86
		{9B05B1EB-CE82-4DBD-8037-7836B1124457}.Release|ARM.ActiveCfg = Release|ARM
		{9B05B1EB-CE82-4DBD-8037-7836B1124457}.Release|ARM.Build.0 = Release|ARM
		{9B05B1EB-CE82-4DBD-8037-7836B1124457}.Release|ARM.Deploy.0 = Release|ARM
		{9B05B1EB-CE82-4DBD-8037-7836B1124457}.Release|ARM64.ActiveCfg = Release|x86
		{9B05B1EB-CE82-4DBD-8037-7836B1124457}.Release|x64.ActiveCfg = Release|x64
		{9B05B1EB-CE82-4DBD-8037-7836B1124457}.Release|x64.Build.0 = Release|x64
		{9B05B1EB-CE82-4DBD-8037-7836B1124457}.Release|x64.Deploy.0 = Release|x64
		{9B05B1EB-CE82-4DBD-8037-7836B1124457}.Release|x86.ActiveCfg = Release|x86
		{9B05B1EB-CE82-4DBD-8037-7836B1124457}.Release|x86.Build.0 = Release|x86
		{9B05B1EB-CE82-4DBD-8037-7836B1124457}.Release|x86.Deploy.0 = Release|x86
		{04C1F6DB-9A03-48A4-9BD7-FB0F6B010AE8}.Debug|Any CPU.ActiveCfg = Debug|Any CPU
		{04C1F6DB-9A03-48A4-9BD7-FB0F6B010AE8}.Debug|Any CPU.Build.0 = Debug|Any CPU
		{04C1F6DB-9A03-48A4-9BD7-FB0F6B010AE8}.Debug|ARM.ActiveCfg = Debug|Any CPU
		{04C1F6DB-9A03-48A4-9BD7-FB0F6B010AE8}.Debug|ARM.Build.0 = Debug|Any CPU
		{04C1F6DB-9A03-48A4-9BD7-FB0F6B010AE8}.Debug|ARM64.ActiveCfg = Debug|Any CPU
		{04C1F6DB-9A03-48A4-9BD7-FB0F6B010AE8}.Debug|ARM64.Build.0 = Debug|Any CPU
		{04C1F6DB-9A03-48A4-9BD7-FB0F6B010AE8}.Debug|x64.ActiveCfg = Debug|Any CPU
		{04C1F6DB-9A03-48A4-9BD7-FB0F6B010AE8}.Debug|x64.Build.0 = Debug|Any CPU
		{04C1F6DB-9A03-48A4-9BD7-FB0F6B010AE8}.Debug|x86.ActiveCfg = Debug|Any CPU
		{04C1F6DB-9A03-48A4-9BD7-FB0F6B010AE8}.Debug|x86.Build.0 = Debug|Any CPU
		{04C1F6DB-9A03-48A4-9BD7-FB0F6B010AE8}.Release|Any CPU.ActiveCfg = Release|Any CPU
		{04C1F6DB-9A03-48A4-9BD7-FB0F6B010AE8}.Release|Any CPU.Build.0 = Release|Any CPU
		{04C1F6DB-9A03-48A4-9BD7-FB0F6B010AE8}.Release|ARM.ActiveCfg = Release|Any CPU
		{04C1F6DB-9A03-48A4-9BD7-FB0F6B010AE8}.Release|ARM.Build.0 = Release|Any CPU
		{04C1F6DB-9A03-48A4-9BD7-FB0F6B010AE8}.Release|ARM64.ActiveCfg = Release|Any CPU
		{04C1F6DB-9A03-48A4-9BD7-FB0F6B010AE8}.Release|ARM64.Build.0 = Release|Any CPU
		{04C1F6DB-9A03-48A4-9BD7-FB0F6B010AE8}.Release|x64.ActiveCfg = Release|Any CPU
		{04C1F6DB-9A03-48A4-9BD7-FB0F6B010AE8}.Release|x64.Build.0 = Release|Any CPU
		{04C1F6DB-9A03-48A4-9BD7-FB0F6B010AE8}.Release|x86.ActiveCfg = Release|Any CPU
		{04C1F6DB-9A03-48A4-9BD7-FB0F6B010AE8}.Release|x86.Build.0 = Release|Any CPU
		{ABFA164C-438A-4726-9194-76E28FF1E01A}.Debug|Any CPU.ActiveCfg = Debug|Any CPU
		{ABFA164C-438A-4726-9194-76E28FF1E01A}.Debug|Any CPU.Build.0 = Debug|Any CPU
		{ABFA164C-438A-4726-9194-76E28FF1E01A}.Debug|ARM.ActiveCfg = Debug|Any CPU
		{ABFA164C-438A-4726-9194-76E28FF1E01A}.Debug|ARM.Build.0 = Debug|Any CPU
		{ABFA164C-438A-4726-9194-76E28FF1E01A}.Debug|ARM64.ActiveCfg = Debug|Any CPU
		{ABFA164C-438A-4726-9194-76E28FF1E01A}.Debug|ARM64.Build.0 = Debug|Any CPU
		{ABFA164C-438A-4726-9194-76E28FF1E01A}.Debug|x64.ActiveCfg = Debug|Any CPU
		{ABFA164C-438A-4726-9194-76E28FF1E01A}.Debug|x64.Build.0 = Debug|Any CPU
		{ABFA164C-438A-4726-9194-76E28FF1E01A}.Debug|x86.ActiveCfg = Debug|Any CPU
		{ABFA164C-438A-4726-9194-76E28FF1E01A}.Debug|x86.Build.0 = Debug|Any CPU
		{ABFA164C-438A-4726-9194-76E28FF1E01A}.Release|Any CPU.ActiveCfg = Release|Any CPU
		{ABFA164C-438A-4726-9194-76E28FF1E01A}.Release|Any CPU.Build.0 = Release|Any CPU
		{ABFA164C-438A-4726-9194-76E28FF1E01A}.Release|ARM.ActiveCfg = Release|Any CPU
		{ABFA164C-438A-4726-9194-76E28FF1E01A}.Release|ARM.Build.0 = Release|Any CPU
		{ABFA164C-438A-4726-9194-76E28FF1E01A}.Release|ARM64.ActiveCfg = Release|Any CPU
		{ABFA164C-438A-4726-9194-76E28FF1E01A}.Release|ARM64.Build.0 = Release|Any CPU
		{ABFA164C-438A-4726-9194-76E28FF1E01A}.Release|x64.ActiveCfg = Release|Any CPU
		{ABFA164C-438A-4726-9194-76E28FF1E01A}.Release|x64.Build.0 = Release|Any CPU
		{ABFA164C-438A-4726-9194-76E28FF1E01A}.Release|x86.ActiveCfg = Release|Any CPU
		{ABFA164C-438A-4726-9194-76E28FF1E01A}.Release|x86.Build.0 = Release|Any CPU
		{A075590A-AC50-46F2-BFC9-A149D2566EFE}.Debug|Any CPU.ActiveCfg = Debug|x86
		{A075590A-AC50-46F2-BFC9-A149D2566EFE}.Debug|ARM.ActiveCfg = Debug|ARM
		{A075590A-AC50-46F2-BFC9-A149D2566EFE}.Debug|ARM.Build.0 = Debug|ARM
		{A075590A-AC50-46F2-BFC9-A149D2566EFE}.Debug|ARM.Deploy.0 = Debug|ARM
		{A075590A-AC50-46F2-BFC9-A149D2566EFE}.Debug|ARM64.ActiveCfg = Debug|ARM64
		{A075590A-AC50-46F2-BFC9-A149D2566EFE}.Debug|ARM64.Build.0 = Debug|ARM64
		{A075590A-AC50-46F2-BFC9-A149D2566EFE}.Debug|ARM64.Deploy.0 = Debug|ARM64
		{A075590A-AC50-46F2-BFC9-A149D2566EFE}.Debug|x64.ActiveCfg = Debug|x64
		{A075590A-AC50-46F2-BFC9-A149D2566EFE}.Debug|x64.Build.0 = Debug|x64
		{A075590A-AC50-46F2-BFC9-A149D2566EFE}.Debug|x64.Deploy.0 = Debug|x64
		{A075590A-AC50-46F2-BFC9-A149D2566EFE}.Debug|x86.ActiveCfg = Debug|x86
		{A075590A-AC50-46F2-BFC9-A149D2566EFE}.Debug|x86.Build.0 = Debug|x86
		{A075590A-AC50-46F2-BFC9-A149D2566EFE}.Debug|x86.Deploy.0 = Debug|x86
		{A075590A-AC50-46F2-BFC9-A149D2566EFE}.Release|Any CPU.ActiveCfg = Release|x86
		{A075590A-AC50-46F2-BFC9-A149D2566EFE}.Release|ARM.ActiveCfg = Release|ARM
		{A075590A-AC50-46F2-BFC9-A149D2566EFE}.Release|ARM.Build.0 = Release|ARM
		{A075590A-AC50-46F2-BFC9-A149D2566EFE}.Release|ARM.Deploy.0 = Release|ARM
		{A075590A-AC50-46F2-BFC9-A149D2566EFE}.Release|ARM64.ActiveCfg = Release|ARM64
		{A075590A-AC50-46F2-BFC9-A149D2566EFE}.Release|ARM64.Build.0 = Release|ARM64
		{A075590A-AC50-46F2-BFC9-A149D2566EFE}.Release|ARM64.Deploy.0 = Release|ARM64
		{A075590A-AC50-46F2-BFC9-A149D2566EFE}.Release|x64.ActiveCfg = Release|x64
		{A075590A-AC50-46F2-BFC9-A149D2566EFE}.Release|x64.Build.0 = Release|x64
		{A075590A-AC50-46F2-BFC9-A149D2566EFE}.Release|x64.Deploy.0 = Release|x64
		{A075590A-AC50-46F2-BFC9-A149D2566EFE}.Release|x86.ActiveCfg = Release|x86
		{A075590A-AC50-46F2-BFC9-A149D2566EFE}.Release|x86.Build.0 = Release|x86
		{A075590A-AC50-46F2-BFC9-A149D2566EFE}.Release|x86.Deploy.0 = Release|x86
	EndGlobalSection
	GlobalSection(SolutionProperties) = preSolution
		HideSolutionNode = FALSE
	EndGlobalSection
	GlobalSection(NestedProjects) = preSolution
		{C10D065A-C9D8-4F04-A98E-54BE5CFCD391} = {EFE35F8B-541D-4C61-A3BF-F7702C105463}
		{9B05B1EB-CE82-4DBD-8037-7836B1124457} = {EFE35F8B-541D-4C61-A3BF-F7702C105463}
		{04C1F6DB-9A03-48A4-9BD7-FB0F6B010AE8} = {EFE35F8B-541D-4C61-A3BF-F7702C105463}
		{ABFA164C-438A-4726-9194-76E28FF1E01A} = {46D43EE4-64B6-4834-9CFC-5634645A0DC9}
		{A075590A-AC50-46F2-BFC9-A149D2566EFE} = {46D43EE4-64B6-4834-9CFC-5634645A0DC9}
	EndGlobalSection
	GlobalSection(ExtensibilityGlobals) = postSolution
		SolutionGuid = {744269DF-C7AF-4247-BE95-601AE6F6D60B}
	EndGlobalSection
EndGlobal
